
Microsoft Visual Studio Solution File, Format Version 12.00
# Visual Studio 15
VisualStudioVersion = 15.0.26430.14
MinimumVisualStudioVersion = 10.0.40219.1
Project("{2150E333-8FDC-42A3-9474-1A3956D46DE8}") = "admin", "admin", "{A2790D06-F6BE-4DC5-A6F5-BDFFACC6EC2C}"
EndProject
Project("{2150E333-8FDC-42A3-9474-1A3956D46DE8}") = "src", "src", "{69007840-FA23-473D-A3D7-A2AACF8BCA2A}"
EndProject
Project("{2150E333-8FDC-42A3-9474-1A3956D46DE8}") = "test", "test", "{722B7F92-3D6D-46D5-B00D-6E6D516FA850}"
EndProject
Project("{FAE04EC0-301F-11D3-BF4B-00C04F79EFBC}") = "OnlineParser", "admin\src\OnlineParser\OnlineParser.csproj", "{B88B6BD0-BA58-48C2-804A-52CC2A04D095}"
	ProjectSection(ProjectDependencies) = postProject
		{5615C373-5B57-4354-AF3E-A0BEC80F56AA} = {5615C373-5B57-4354-AF3E-A0BEC80F56AA}
	EndProjectSection
EndProject
Project("{FAE04EC0-301F-11D3-BF4B-00C04F79EFBC}") = "Parser", "admin\src\Parser\Parser.csproj", "{11250C89-F12E-40E2-B32A-23287D83FE7E}"
	ProjectSection(ProjectDependencies) = postProject
		{5615C373-5B57-4354-AF3E-A0BEC80F56AA} = {5615C373-5B57-4354-AF3E-A0BEC80F56AA}
	EndProjectSection
EndProject
Project("{2150E333-8FDC-42A3-9474-1A3956D46DE8}") = "model", "model", "{2C7ECF9E-382A-4705-B249-95749A492BE9}"
EndProject
Project("{FAE04EC0-301F-11D3-BF4B-00C04F79EFBC}") = "HoTS Service", "model\HoTS Service.csproj", "{5615C373-5B57-4354-AF3E-A0BEC80F56AA}"
EndProject
Project("{2150E333-8FDC-42A3-9474-1A3956D46DE8}") = "ui", "ui", "{77D0F97B-7CA8-4F5B-A05B-21FD11F5B03A}"
EndProject
Project("{FAE04EC0-301F-11D3-BF4B-00C04F79EFBC}") = "HoTS Forecaster form", "HoTS Forecaster form\HoTS Forecaster form.csproj", "{DD57BC41-ECA8-4F60-AC3F-26D0A4373683}"
	ProjectSection(ProjectDependencies) = postProject
		{5615C373-5B57-4354-AF3E-A0BEC80F56AA} = {5615C373-5B57-4354-AF3E-A0BEC80F56AA}
	EndProjectSection
EndProject
Project("{FAE04EC0-301F-11D3-BF4B-00C04F79EFBC}") = "ParserTest", "ParserTest\ParserTest.csproj", "{0FAC76C1-B61A-42D9-B1E8-19E9B0E47F35}"
EndProject
Project("{FAE04EC0-301F-11D3-BF4B-00C04F79EFBC}") = "Downloader", "admin\src\Downloader\Downloader.csproj", "{35086165-BA33-4811-957C-E02782A5203D}"
EndProject
Project("{FAE04EC0-301F-11D3-BF4B-00C04F79EFBC}") = "Classifier", "admin\src\Classifier\Classifier.csproj", "{D34C7B74-CBCE-4CBF-8E63-E55EBDE917EE}"
EndProject
Global
	GlobalSection(SolutionConfigurationPlatforms) = preSolution
		Debug|Any CPU = Debug|Any CPU
		Release|Any CPU = Release|Any CPU
	EndGlobalSection
	GlobalSection(ProjectConfigurationPlatforms) = postSolution
		{B88B6BD0-BA58-48C2-804A-52CC2A04D095}.Debug|Any CPU.ActiveCfg = Debug|Any CPU
		{B88B6BD0-BA58-48C2-804A-52CC2A04D095}.Debug|Any CPU.Build.0 = Debug|Any CPU
		{B88B6BD0-BA58-48C2-804A-52CC2A04D095}.Release|Any CPU.ActiveCfg = Release|Any CPU
		{B88B6BD0-BA58-48C2-804A-52CC2A04D095}.Release|Any CPU.Build.0 = Release|Any CPU
		{11250C89-F12E-40E2-B32A-23287D83FE7E}.Debug|Any CPU.ActiveCfg = Debug|Any CPU
		{11250C89-F12E-40E2-B32A-23287D83FE7E}.Debug|Any CPU.Build.0 = Debug|Any CPU
		{11250C89-F12E-40E2-B32A-23287D83FE7E}.Release|Any CPU.ActiveCfg = Release|Any CPU
		{11250C89-F12E-40E2-B32A-23287D83FE7E}.Release|Any CPU.Build.0 = Release|Any CPU
		{5615C373-5B57-4354-AF3E-A0BEC80F56AA}.Debug|Any CPU.ActiveCfg = Debug|Any CPU
		{5615C373-5B57-4354-AF3E-A0BEC80F56AA}.Debug|Any CPU.Build.0 = Debug|Any CPU
		{5615C373-5B57-4354-AF3E-A0BEC80F56AA}.Release|Any CPU.ActiveCfg = Release|Any CPU
		{5615C373-5B57-4354-AF3E-A0BEC80F56AA}.Release|Any CPU.Build.0 = Release|Any CPU
		{DD57BC41-ECA8-4F60-AC3F-26D0A4373683}.Debug|Any CPU.ActiveCfg = Debug|Any CPU
		{DD57BC41-ECA8-4F60-AC3F-26D0A4373683}.Debug|Any CPU.Build.0 = Debug|Any CPU
		{DD57BC41-ECA8-4F60-AC3F-26D0A4373683}.Release|Any CPU.ActiveCfg = Release|Any CPU
		{DD57BC41-ECA8-4F60-AC3F-26D0A4373683}.Release|Any CPU.Build.0 = Release|Any CPU
		{0FAC76C1-B61A-42D9-B1E8-19E9B0E47F35}.Debug|Any CPU.ActiveCfg = Debug|Any CPU
		{0FAC76C1-B61A-42D9-B1E8-19E9B0E47F35}.Debug|Any CPU.Build.0 = Debug|Any CPU
		{0FAC76C1-B61A-42D9-B1E8-19E9B0E47F35}.Release|Any CPU.ActiveCfg = Release|Any CPU
		{0FAC76C1-B61A-42D9-B1E8-19E9B0E47F35}.Release|Any CPU.Build.0 = Release|Any CPU
		{35086165-BA33-4811-957C-E02782A5203D}.Debug|Any CPU.ActiveCfg = Debug|Any CPU
		{35086165-BA33-4811-957C-E02782A5203D}.Debug|Any CPU.Build.0 = Debug|Any CPU
		{35086165-BA33-4811-957C-E02782A5203D}.Release|Any CPU.ActiveCfg = Release|Any CPU
		{35086165-BA33-4811-957C-E02782A5203D}.Release|Any CPU.Build.0 = Release|Any CPU
		{D34C7B74-CBCE-4CBF-8E63-E55EBDE917EE}.Debug|Any CPU.ActiveCfg = Debug|Any CPU
		{D34C7B74-CBCE-4CBF-8E63-E55EBDE917EE}.Debug|Any CPU.Build.0 = Debug|Any CPU
		{D34C7B74-CBCE-4CBF-8E63-E55EBDE917EE}.Release|Any CPU.ActiveCfg = Release|Any CPU
		{D34C7B74-CBCE-4CBF-8E63-E55EBDE917EE}.Release|Any CPU.Build.0 = Release|Any CPU
	EndGlobalSection
	GlobalSection(SolutionProperties) = preSolution
		HideSolutionNode = FALSE
	EndGlobalSection
	GlobalSection(NestedProjects) = preSolution
		{69007840-FA23-473D-A3D7-A2AACF8BCA2A} = {A2790D06-F6BE-4DC5-A6F5-BDFFACC6EC2C}
		{722B7F92-3D6D-46D5-B00D-6E6D516FA850} = {A2790D06-F6BE-4DC5-A6F5-BDFFACC6EC2C}
		{B88B6BD0-BA58-48C2-804A-52CC2A04D095} = {69007840-FA23-473D-A3D7-A2AACF8BCA2A}
		{11250C89-F12E-40E2-B32A-23287D83FE7E} = {69007840-FA23-473D-A3D7-A2AACF8BCA2A}
		{5615C373-5B57-4354-AF3E-A0BEC80F56AA} = {2C7ECF9E-382A-4705-B249-95749A492BE9}
		{DD57BC41-ECA8-4F60-AC3F-26D0A4373683} = {77D0F97B-7CA8-4F5B-A05B-21FD11F5B03A}
		{0FAC76C1-B61A-42D9-B1E8-19E9B0E47F35} = {722B7F92-3D6D-46D5-B00D-6E6D516FA850}
		{35086165-BA33-4811-957C-E02782A5203D} = {69007840-FA23-473D-A3D7-A2AACF8BCA2A}
		{D34C7B74-CBCE-4CBF-8E63-E55EBDE917EE} = {69007840-FA23-473D-A3D7-A2AACF8BCA2A}
	EndGlobalSection
EndGlobal
